
Microsoft Visual Studio Solution File, Format Version 12.00
# Visual Studio Version 16
VisualStudioVersion = 16.0.29326.143
MinimumVisualStudioVersion = 10.0.40219.1
Project("{FAE04EC0-301F-11D3-BF4B-00C04F79EFBC}") = "OMDb Livella", "OMDb Livella\OMDb Livella.csproj", "{49FC6F30-1548-4E6A-ABA4-F1DF7D107737}"
EndProject
Global
	GlobalSection(SolutionConfigurationPlatforms) = preSolution
		Debug|Any CPU = Debug|Any CPU
		Release|Any CPU = Release|Any CPU
	EndGlobalSection
	GlobalSection(ProjectConfigurationPlatforms) = postSolution
		{49FC6F30-1548-4E6A-ABA4-F1DF7D107737}.Debug|Any CPU.ActiveCfg = Debug|Any CPU
		{49FC6F30-1548-4E6A-ABA4-F1DF7D107737}.Debug|Any CPU.Build.0 = Debug|Any CPU
		{49FC6F30-1548-4E6A-ABA4-F1DF7D107737}.Release|Any CPU.ActiveCfg = Release|Any CPU
		{49FC6F30-1548-4E6A-ABA4-F1DF7D107737}.Release|Any CPU.Build.0 = Release|Any CPU
	EndGlobalSection
	GlobalSection(SolutionProperties) = preSolution
		HideSolutionNode = FALSE
	EndGlobalSection
	GlobalSection(ExtensibilityGlobals) = postSolution
		SolutionGuid = {672B4B2D-3C4D-409A-9549-1D2ECC53EA53}
	EndGlobalSection
EndGlobal
